
Microsoft Visual Studio Solution File, Format Version 12.00
# Visual Studio Version 16
VisualStudioVersion = 16.0.28621.142
MinimumVisualStudioVersion = 10.0.40219.1
Project("{9A19103F-16F7-4668-BE54-9A1E7A4F7556}") = "Expresser", "Expresser\Expresser.csproj", "{2BE69DEC-2D3D-4E95-A9BB-2AA6ADC452E4}"
EndProject
Project("{9A19103F-16F7-4668-BE54-9A1E7A4F7556}") = "Expresser.UnitTests", "Expresser.UnitTests\Expresser.UnitTests.csproj", "{5467AA3C-1DF3-4F29-8271-F0E822803744}"
EndProject
Project("{2150E333-8FDC-42A3-9474-1A3956D46DE8}") = "Solution Items", "Solution Items", "{8718C43A-8B92-444D-B832-008D38AB2472}"
	ProjectSection(SolutionItems) = preProject
		.editorconfig = .editorconfig
	EndProjectSection
EndProject
Project("{9A19103F-16F7-4668-BE54-9A1E7A4F7556}") = "Expresser.Language.SimpleMath.Benchmarks", "Expresser.Language.SimpleMath.Benchmarks\Expresser.Language.SimpleMath.Benchmarks.csproj", "{ED627DF6-0607-49EB-AF0F-5FB8B5C1BC26}"
EndProject
Project("{9A19103F-16F7-4668-BE54-9A1E7A4F7556}") = "Expresser.Lexing.Demo", "Expresser.Lexing.Demo\Expresser.Lexing.Demo.csproj", "{524B8FD0-BBA0-4B27-A626-A2631DBFC13F}"
EndProject
Project("{9A19103F-16F7-4668-BE54-9A1E7A4F7556}") = "Expresser.Lexing", "Expresser.Lexing\Expresser.Lexing.csproj", "{C0306DDA-0FAF-4664-BE33-3AA8006D1FBA}"
EndProject
Project("{9A19103F-16F7-4668-BE54-9A1E7A4F7556}") = "Expresser.Language.SimpleMath.REPL", "Expresser.Language.SimpleMath.REPL\Expresser.Language.SimpleMath.REPL.csproj", "{31DB6981-A7F2-45BA-A7D4-5030869F1DE4}"
EndProject
Project("{9A19103F-16F7-4668-BE54-9A1E7A4F7556}") = "Expresser.Language.SimpleMath", "Expresser.Language.SimpleMath\Expresser.Language.SimpleMath.csproj", "{EACE441B-3AE9-4730-A56D-71B51FD18AAD}"
EndProject
Project("{9A19103F-16F7-4668-BE54-9A1E7A4F7556}") = "Expresser.Parsing", "Expresser.Parsing\Expresser.Parsing.csproj", "{2DF335FD-0A33-4BC5-8657-63E22B948B43}"
EndProject
Project("{FAE04EC0-301F-11D3-BF4B-00C04F79EFBC}") = "Expresser.Language.SimpleMath.UnitTests", "Expresser.Language.SimpleMath.UnitTests\Expresser.Language.SimpleMath.UnitTests.csproj", "{929956FE-5711-419A-846E-ED9999D0DE2E}"
EndProject
Global
	GlobalSection(SolutionConfigurationPlatforms) = preSolution
		Debug|Any CPU = Debug|Any CPU
		Release|Any CPU = Release|Any CPU
	EndGlobalSection
	GlobalSection(ProjectConfigurationPlatforms) = postSolution
		{2BE69DEC-2D3D-4E95-A9BB-2AA6ADC452E4}.Debug|Any CPU.ActiveCfg = Debug|Any CPU
		{2BE69DEC-2D3D-4E95-A9BB-2AA6ADC452E4}.Debug|Any CPU.Build.0 = Debug|Any CPU
		{2BE69DEC-2D3D-4E95-A9BB-2AA6ADC452E4}.Release|Any CPU.ActiveCfg = Release|Any CPU
		{2BE69DEC-2D3D-4E95-A9BB-2AA6ADC452E4}.Release|Any CPU.Build.0 = Release|Any CPU
		{5467AA3C-1DF3-4F29-8271-F0E822803744}.Debug|Any CPU.ActiveCfg = Debug|Any CPU
		{5467AA3C-1DF3-4F29-8271-F0E822803744}.Debug|Any CPU.Build.0 = Debug|Any CPU
		{5467AA3C-1DF3-4F29-8271-F0E822803744}.Release|Any CPU.ActiveCfg = Release|Any CPU
		{5467AA3C-1DF3-4F29-8271-F0E822803744}.Release|Any CPU.Build.0 = Release|Any CPU
		{ED627DF6-0607-49EB-AF0F-5FB8B5C1BC26}.Debug|Any CPU.ActiveCfg = Debug|Any CPU
		{ED627DF6-0607-49EB-AF0F-5FB8B5C1BC26}.Debug|Any CPU.Build.0 = Debug|Any CPU
		{ED627DF6-0607-49EB-AF0F-5FB8B5C1BC26}.Release|Any CPU.ActiveCfg = Release|Any CPU
		{ED627DF6-0607-49EB-AF0F-5FB8B5C1BC26}.Release|Any CPU.Build.0 = Release|Any CPU
		{524B8FD0-BBA0-4B27-A626-A2631DBFC13F}.Debug|Any CPU.ActiveCfg = Debug|Any CPU
		{524B8FD0-BBA0-4B27-A626-A2631DBFC13F}.Debug|Any CPU.Build.0 = Debug|Any CPU
		{524B8FD0-BBA0-4B27-A626-A2631DBFC13F}.Release|Any CPU.ActiveCfg = Release|Any CPU
		{524B8FD0-BBA0-4B27-A626-A2631DBFC13F}.Release|Any CPU.Build.0 = Release|Any CPU
		{C0306DDA-0FAF-4664-BE33-3AA8006D1FBA}.Debug|Any CPU.ActiveCfg = Debug|Any CPU
		{C0306DDA-0FAF-4664-BE33-3AA8006D1FBA}.Debug|Any CPU.Build.0 = Debug|Any CPU
		{C0306DDA-0FAF-4664-BE33-3AA8006D1FBA}.Release|Any CPU.ActiveCfg = Release|Any CPU
		{C0306DDA-0FAF-4664-BE33-3AA8006D1FBA}.Release|Any CPU.Build.0 = Release|Any CPU
		{31DB6981-A7F2-45BA-A7D4-5030869F1DE4}.Debug|Any CPU.ActiveCfg = Debug|Any CPU
		{31DB6981-A7F2-45BA-A7D4-5030869F1DE4}.Debug|Any CPU.Build.0 = Debug|Any CPU
		{31DB6981-A7F2-45BA-A7D4-5030869F1DE4}.Release|Any CPU.ActiveCfg = Release|Any CPU
		{31DB6981-A7F2-45BA-A7D4-5030869F1DE4}.Release|Any CPU.Build.0 = Release|Any CPU
		{EACE441B-3AE9-4730-A56D-71B51FD18AAD}.Debug|Any CPU.ActiveCfg = Debug|Any CPU
		{EACE441B-3AE9-4730-A56D-71B51FD18AAD}.Debug|Any CPU.Build.0 = Debug|Any CPU
		{EACE441B-3AE9-4730-A56D-71B51FD18AAD}.Release|Any CPU.ActiveCfg = Release|Any CPU
		{EACE441B-3AE9-4730-A56D-71B51FD18AAD}.Release|Any CPU.Build.0 = Release|Any CPU
		{2DF335FD-0A33-4BC5-8657-63E22B948B43}.Debug|Any CPU.ActiveCfg = Debug|Any CPU
		{2DF335FD-0A33-4BC5-8657-63E22B948B43}.Debug|Any CPU.Build.0 = Debug|Any CPU
		{2DF335FD-0A33-4BC5-8657-63E22B948B43}.Release|Any CPU.ActiveCfg = Release|Any CPU
		{2DF335FD-0A33-4BC5-8657-63E22B948B43}.Release|Any CPU.Build.0 = Release|Any CPU
		{929956FE-5711-419A-846E-ED9999D0DE2E}.Debug|Any CPU.ActiveCfg = Debug|Any CPU
		{929956FE-5711-419A-846E-ED9999D0DE2E}.Debug|Any CPU.Build.0 = Debug|Any CPU
		{929956FE-5711-419A-846E-ED9999D0DE2E}.Release|Any CPU.ActiveCfg = Release|Any CPU
		{929956FE-5711-419A-846E-ED9999D0DE2E}.Release|Any CPU.Build.0 = Release|Any CPU
	EndGlobalSection
	GlobalSection(SolutionProperties) = preSolution
		HideSolutionNode = FALSE
	EndGlobalSection
	GlobalSection(ExtensibilityGlobals) = postSolution
		SolutionGuid = {DE8C5EFC-3412-4C26-BD07-B07B3B816D3A}
	EndGlobalSection
EndGlobal
